
Microsoft Visual Studio Solution File, Format Version 12.00
# Visual Studio Version 16
VisualStudioVersion = 16.0.31129.286
MinimumVisualStudioVersion = 10.0.40219.1
Project("{FAE04EC0-301F-11D3-BF4B-00C04F79EFBC}") = "demo-webapp-007", "demo-webapp-007.csproj", "{DA87D799-027A-49E7-90BF-C43C722D08D4}"
EndProject
Global
	GlobalSection(SolutionConfigurationPlatforms) = preSolution
		Debug|Any CPU = Debug|Any CPU
		Release|Any CPU = Release|Any CPU
	EndGlobalSection
	GlobalSection(ProjectConfigurationPlatforms) = postSolution
		{DA87D799-027A-49E7-90BF-C43C722D08D4}.Debug|Any CPU.ActiveCfg = Debug|Any CPU
		{DA87D799-027A-49E7-90BF-C43C722D08D4}.Debug|Any CPU.Build.0 = Debug|Any CPU
		{DA87D799-027A-49E7-90BF-C43C722D08D4}.Release|Any CPU.ActiveCfg = Release|Any CPU
		{DA87D799-027A-49E7-90BF-C43C722D08D4}.Release|Any CPU.Build.0 = Release|Any CPU
	EndGlobalSection
	GlobalSection(SolutionProperties) = preSolution
		HideSolutionNode = FALSE
	EndGlobalSection
	GlobalSection(ExtensibilityGlobals) = postSolution
		SolutionGuid = {7FCEEAA9-8A38-4DC7-A256-E1371D27A943}
	EndGlobalSection
EndGlobal
